version = 1
revision = 2
requires-python = ">=3.8, <4"
resolution-markers = [
    "python_full_version >= '3.9'",
    "python_full_version < '3.9'",
]

[[package]]
name = "nodeenv"
version = "1.9.1"
source = { registry = "https://pypi.org/simple" }
sdist = { url = "https://files.pythonhosted.org/packages/43/16/fc88b08840de0e0a72a2f9d8c6bae36be573e475a6326ae854bcc549fc45/nodeenv-1.9.1.tar.gz", hash = "sha256:6ec12890a2dab7946721edbfbcd91f3319c6ccc9aec47be7c7e6b7011ee6645f", size = 47437, upload-time = "2024-06-04T18:44:11.171Z" }
wheels = [
    { url = "https://files.pythonhosted.org/packages/d2/1d/1b658dbd2b9fa9c4c9f32accbfc0205d532c8c6194dc0f2a4c0428e7128a/nodeenv-1.9.1-py2.py3-none-any.whl", hash = "sha256:ba11c9782d29c27c70ffbdda2d7415098754709be8a7056d79a737cd901155c9", size = 22314, upload-time = "2024-06-04T18:44:08.352Z" },
]

[[package]]
name = "pyright"
version = "1.1.407"
source = { registry = "https://pypi.org/simple" }
dependencies = [
    { name = "nodeenv" },
    { name = "typing-extensions", version = "4.13.2", source = { registry = "https://pypi.org/simple" }, marker = "python_full_version < '3.9'" },
    { name = "typing-extensions", version = "4.15.0", source = { registry = "https://pypi.org/simple" }, marker = "python_full_version >= '3.9'" },
]
sdist = { url = "https://files.pythonhosted.org/packages/a6/1b/0aa08ee42948b61745ac5b5b5ccaec4669e8884b53d31c8ec20b2fcd6b6f/pyright-1.1.407.tar.gz", hash = "sha256:099674dba5c10489832d4a4b2d302636152a9a42d317986c38474c76fe562262", size = 4122872, upload-time = "2025-10-24T23:17:15.145Z" }
wheels = [
    { url = "https://files.pythonhosted.org/packages/dc/93/b69052907d032b00c40cb656d21438ec00b3a471733de137a3f65a49a0a0/pyright-1.1.407-py3-none-any.whl", hash = "sha256:6dd419f54fcc13f03b52285796d65e639786373f433e243f8b94cf93a7444d21", size = 5997008, upload-time = "2025-10-24T23:17:13.159Z" },
]

[[package]]
name = "smarts"
version = "0.1.0"
source = { virtual = "." }

[package.dev-dependencies]
dev = [
    { name = "pyright" },
    { name = "ty" },
]

[package.metadata]

[package.metadata.requires-dev]
dev = [
    { name = "pyright", specifier = ">=1.1.407" },
    { name = "ty", specifier = ">=0.0.1a34" },
]

[[package]]
name = "ty"
version = "0.0.1a34"
source = { registry = "https://pypi.org/simple" }
sdist = { url = "https://files.pythonhosted.org/packages/f5/f9/f467d2fbf02a37af5d779eb21c59c7d5c9ce8c48f620d590d361f5220208/ty-0.0.1a34.tar.gz", hash = "sha256:659e409cc3b5c9fb99a453d256402a4e3bd95b1dbcc477b55c039697c807ab79", size = 4735988, upload-time = "2025-12-12T18:29:23.204Z" }
wheels = [
    { url = "https://files.pythonhosted.org/packages/fc/b7/d5a5c611baaa20e85971a7c9a527aaf3e8fb47e15de88d1db39c64ee3638/ty-0.0.1a34-py3-none-linux_armv6l.whl", hash = "sha256:00c138e28b12a80577ee3e15fc638eb1e35cf5aa75f5967bf2d1893916ce571c", size = 9708675, upload-time = "2025-12-12T18:29:06.571Z" },
    { url = "https://files.pythonhosted.org/packages/cb/62/0b78976c8da58b90a86d1a1b8816ff4a6e8437f6e52bb6800c4483242e7f/ty-0.0.1a34-py3-none-macosx_10_12_x86_64.whl", hash = "sha256:cbb9c187164675647143ecb56e684d6766f7d5ba7f6874a369fe7c3d380a6c92", size = 9515760, upload-time = "2025-12-12T18:28:56.901Z" },
    { url = "https://files.pythonhosted.org/packages/39/1f/4e3d286b37aab3428a30b8f5db5533b8ce6e23b1bd84f77a137bd782b418/ty-0.0.1a34-py3-none-macosx_11_0_arm64.whl", hash = "sha256:68b2375b366ee799a896594cde393a1b60414efdfd31399c326bfc136bfc41f3", size = 9064633, upload-time = "2025-12-12T18:29:10.211Z" },
    { url = "https://files.pythonhosted.org/packages/5d/31/e17049b868f5cac7590c000f31ff9453e4360125416da4e8195e82b5409a/ty-0.0.1a34-py3-none-manylinux_2_17_aarch64.manylinux2014_aarch64.whl", hash = "sha256:1f6b68d9673e43bdd5bdcaa6b5db50e873431fc44dde5e25e253e8226ec93ac1", size = 9310295, upload-time = "2025-12-12T18:29:21.635Z" },
    { url = "https://files.pythonhosted.org/packages/77/1d/7a89b3032e84a01223d0c33e47f33eef436ca36949b28600554a2a4da1f8/ty-0.0.1a34-py3-none-manylinux_2_17_armv7l.manylinux2014_armv7l.whl", hash = "sha256:832b360fd397c076e294c252db52581b9ecb38d8063d6262ac927610540702be", size = 9498451, upload-time = "2025-12-12T18:29:24.955Z" },
    { url = "https://files.pythonhosted.org/packages/fa/5e/e782c4367d14b965b1ee9bddc3f3102982ff1cc2dae699c201ecd655e389/ty-0.0.1a34-py3-none-manylinux_2_17_i686.manylinux2014_i686.whl", hash = "sha256:0cb6fc497f1feb67e299fd3507ed30498c7e15b31099b3dcdbeca6b7ac2d3129", size = 9912522, upload-time = "2025-12-12T18:29:00.252Z" },
    { url = "https://files.pythonhosted.org/packages/9c/25/4d72d7174b60adeb9df6e4c5d8552161da2b84ddcebed8ab37d0f7f266ab/ty-0.0.1a34-py3-none-manylinux_2_17_ppc64.manylinux2014_ppc64.whl", hash = "sha256:284c8cfd64f255d942ef21953e3d40d087c74dec27e16495bd656decdd208f59", size = 10518743, upload-time = "2025-12-12T18:28:54.944Z" },
    { url = "https://files.pythonhosted.org/packages/05/c5/30a6e377bcab7d5b65d5c78740635b23ecee647bf268c9dc82a91d41c9ba/ty-0.0.1a34-py3-none-manylinux_2_17_ppc64le.manylinux2014_ppc64le.whl", hash = "sha256:c34b028305642fd3a9076d4b07d651a819c61a65371ef38cde60f0b54dce6180", size = 10285473, upload-time = "2025-12-12T18:29:08.432Z" },
    { url = "https://files.pythonhosted.org/packages/97/aa/d2cd564ee37a587c8311383a5687584c9aed241a9e67301ee0280301eef3/ty-0.0.1a34-py3-none-manylinux_2_17_s390x.manylinux2014_s390x.whl", hash = "sha256:ad997a21648dc64017f11a96b7bb44f088ab0fd589decadc2d686fc97b102f4e", size = 10298873, upload-time = "2025-12-12T18:29:12.38Z" },
    { url = "https://files.pythonhosted.org/packages/2e/80/c427dabd51b5d8b50fc375e18674c098877a9d6545af810ccff4e40ff74a/ty-0.0.1a34-py3-none-manylinux_2_17_x86_64.manylinux2014_x86_64.whl", hash = "sha256:c1afe9798f94c0fbb9e42ff003dfcb4df982f97763d93e5b1d53f9da865a53af", size = 9851399, upload-time = "2025-12-12T18:29:02.231Z" },
    { url = "https://files.pythonhosted.org/packages/cc/d8/7240c0e13bc3405b190b4437fbc67c86aa70e349b282e5fa79282181532b/ty-0.0.1a34-py3-none-musllinux_1_2_aarch64.whl", hash = "sha256:bd335010aa211fbf8149d3507d6331bdb947d5328ca31388cecdbd2eb49275c3", size = 9261475, upload-time = "2025-12-12T18:29:04.638Z" },
    { url = "https://files.pythonhosted.org/packages/6b/a1/6538f8fe7a5b1a71b20461d905969b7f62574cf9c8c6af580b765a647289/ty-0.0.1a34-py3-none-musllinux_1_2_armv7l.whl", hash = "sha256:29ebcc56aabaf6aa85c3baf788e211455ffc9935b807ddc9693954b6990e9a3c", size = 9554878, upload-time = "2025-12-12T18:29:16.349Z" },
    { url = "https://files.pythonhosted.org/packages/3d/f2/b8ab163b928de329d88a5f04a5c399a40c1c099b827c70e569e539f9a755/ty-0.0.1a34-py3-none-musllinux_1_2_i686.whl", hash = "sha256:0cbb5a68fddec83c39db6b5f0a5c5da5a3f7d7620e4bcb4ad5bf3a0c7f89ab45", size = 9651340, upload-time = "2025-12-12T18:29:19.92Z" },
    { url = "https://files.pythonhosted.org/packages/dc/1b/1e4e24b684ee5f22dda18d86846430b123fb2e985f0c0eb986e6eccec1b9/ty-0.0.1a34-py3-none-musllinux_1_2_x86_64.whl", hash = "sha256:f9b3fd934982a9497237bf39fa472f6d201260ac95b3dc75ba9444d05ec01654", size = 9944488, upload-time = "2025-12-12T18:28:58.544Z" },
    { url = "https://files.pythonhosted.org/packages/80/b0/6435f1795f76c57598933624af58bf67385c96b8fa3252f5f9087173e21a/ty-0.0.1a34-py3-none-win32.whl", hash = "sha256:bdabc3f1a048bc2891d4184b818a7ee855c681dd011d00ee672a05bfe6451156", size = 9151401, upload-time = "2025-12-12T18:28:53.028Z" },
    { url = "https://files.pythonhosted.org/packages/73/2e/adce0d7c07f6de30c7f3c125744ec818c7f04b14622a739fe17d4d0bdb93/ty-0.0.1a34-py3-none-win_amd64.whl", hash = "sha256:a4caa2e58685d6801719becbd0504fe61e3ab94f2509e84759f755a0ca480ada", size = 10031079, upload-time = "2025-12-12T18:29:14.556Z" },
    { url = "https://files.pythonhosted.org/packages/23/0d/1f123c69ce121dcabf5449a456a9a37c3bbad396e9e7484514f1fe568f96/ty-0.0.1a34-py3-none-win_arm64.whl", hash = "sha256:dd02c22b538657b042d154fe2d5e250dfb20c862b32e6036a6ffce2fd1ebca9d", size = 9534879, upload-time = "2025-12-12T18:29:18.187Z" },
]

[[package]]
name = "typing-extensions"
version = "4.13.2"
source = { registry = "https://pypi.org/simple" }
resolution-markers = [
    "python_full_version < '3.9'",
]
sdist = { url = "https://files.pythonhosted.org/packages/f6/37/23083fcd6e35492953e8d2aaaa68b860eb422b34627b13f2ce3eb6106061/typing_extensions-4.13.2.tar.gz", hash = "sha256:e6c81219bd689f51865d9e372991c540bda33a0379d5573cddb9a3a23f7caaef", size = 106967, upload-time = "2025-04-10T14:19:05.416Z" }
wheels = [
    { url = "https://files.pythonhosted.org/packages/8b/54/b1ae86c0973cc6f0210b53d508ca3641fb6d0c56823f288d108bc7ab3cc8/typing_extensions-4.13.2-py3-none-any.whl", hash = "sha256:a439e7c04b49fec3e5d3e2beaa21755cadbbdc391694e28ccdd36ca4a1408f8c", size = 45806, upload-time = "2025-04-10T14:19:03.967Z" },
]

[[package]]
name = "typing-extensions"
version = "4.15.0"
source = { registry = "https://pypi.org/simple" }
resolution-markers = [
    "python_full_version >= '3.9'",
]
sdist = { url = "https://files.pythonhosted.org/packages/72/94/1a15dd82efb362ac84269196e94cf00f187f7ed21c242792a923cdb1c61f/typing_extensions-4.15.0.tar.gz", hash = "sha256:0cea48d173cc12fa28ecabc3b837ea3cf6f38c6d1136f85cbaaf598984861466", size = 109391, upload-time = "2025-08-25T13:49:26.313Z" }
wheels = [
    { url = "https://files.pythonhosted.org/packages/18/67/36e9267722cc04a6b9f15c7f3441c2363321a3ea07da7ae0c0707beb2a9c/typing_extensions-4.15.0-py3-none-any.whl", hash = "sha256:f0fa19c6845758ab08074a0cfa8b7aecb71c999ca73d62883bc25cc018c4e548", size = 44614, upload-time = "2025-08-25T13:49:24.86Z" },
]
